// !$*UTF8*$!
{
	archiveVersion = 1;
	classes = {
	};
	objectVersion = 50;
	objects = {

/* Begin PBXAggregateTarget section */
		EBEA9ABC22F935DE009E5110 /* UniversalSwiftEcho */ = {
			isa = PBXAggregateTarget;
			buildConfigurationList = EBEA9ABD22F935DE009E5110 /* Build configuration list for PBXAggregateTarget "UniversalSwiftEcho" */;
			buildPhases = (
				EBEA9AC022F935F3009E5110 /* ShellScript */,
			);
			dependencies = (
			);
			name = UniversalSwiftEcho;
			productName = UniversalSwiftEcho;
		};
/* End PBXAggregateTarget section */

/* Begin PBXBuildFile section */
		528133ED2296E65C00FD37C2 /* EchoClientOption.swift in Sources */ = {isa = PBXBuildFile; fileRef = 528133EC2296E65C00FD37C2 /* EchoClientOption.swift */; };
		EB065AEB2292846F009EB138 /* ConnectorType.swift in Sources */ = {isa = PBXBuildFile; fileRef = EB065AE92292846F009EB138 /* ConnectorType.swift */; };
		EB065AF022950ED4009EB138 /* NullConnector.swift in Sources */ = {isa = PBXBuildFile; fileRef = EB065AEF22950ED4009EB138 /* NullConnector.swift */; };
		EB065AF6229511DC009EB138 /* NullChannel.swift in Sources */ = {isa = PBXBuildFile; fileRef = EB065AF5229511DC009EB138 /* NullChannel.swift */; };
		EB065AF822951F33009EB138 /* NullPrivateChannel.swift in Sources */ = {isa = PBXBuildFile; fileRef = EB065AF722951F33009EB138 /* NullPrivateChannel.swift */; };
		EB065AFA22951F8C009EB138 /* NullPresenceChannel.swift in Sources */ = {isa = PBXBuildFile; fileRef = EB065AF922951F8C009EB138 /* NullPresenceChannel.swift */; };
		EB065B05229644CD009EB138 /* EchoClientConfiguration.swift in Sources */ = {isa = PBXBuildFile; fileRef = EB065B04229644CD009EB138 /* EchoClientConfiguration.swift */; };
		EB7D8EEA22893DA5008A784B /* SwiftEcho.h in Headers */ = {isa = PBXBuildFile; fileRef = EB7D8EDC22893DA4008A784B /* SwiftEcho.h */; settings = {ATTRIBUTES = (Public, ); }; };
		EB7D8EFC22893EF3008A784B /* PresenceChannelType.swift in Sources */ = {isa = PBXBuildFile; fileRef = EB7D8EF522893EF3008A784B /* PresenceChannelType.swift */; };
		EB7D8EFD22893EF3008A784B /* SocketIOChannel.swift in Sources */ = {isa = PBXBuildFile; fileRef = EB7D8EF622893EF3008A784B /* SocketIOChannel.swift */; };
		EB7D8EFE22893EF3008A784B /* Channel.swift in Sources */ = {isa = PBXBuildFile; fileRef = EB7D8EF722893EF3008A784B /* Channel.swift */; };
		EB7D8EFF22893EF3008A784B /* PrivateChannelType.swift in Sources */ = {isa = PBXBuildFile; fileRef = EB7D8EF822893EF3008A784B /* PrivateChannelType.swift */; };
		EB7D8F0022893EF3008A784B /* SocketIOPresenceChannel.swift in Sources */ = {isa = PBXBuildFile; fileRef = EB7D8EF922893EF3008A784B /* SocketIOPresenceChannel.swift */; };
		EB7D8F0122893EF3008A784B /* SocketIOPrivateChannel.swift in Sources */ = {isa = PBXBuildFile; fileRef = EB7D8EFA22893EF3008A784B /* SocketIOPrivateChannel.swift */; };
		EB7D8F0222893EF3008A784B /* ChannelType.swift in Sources */ = {isa = PBXBuildFile; fileRef = EB7D8EFB22893EF3008A784B /* ChannelType.swift */; };
		EB7D8F0722893EFC008A784B /* SocketIOConnector.swift in Sources */ = {isa = PBXBuildFile; fileRef = EB7D8F0522893EFC008A784B /* SocketIOConnector.swift */; };
		EB7D8F1022893F0B008A784B /* EventFormatter.swift in Sources */ = {isa = PBXBuildFile; fileRef = EB7D8F0A22893F0B008A784B /* EventFormatter.swift */; };
		EB7D8F1122893F0B008A784B /* EchoParser.swift in Sources */ = {isa = PBXBuildFile; fileRef = EB7D8F0B22893F0B008A784B /* EchoParser.swift */; };
		EB7D8F1322893F0B008A784B /* EchoClient.swift in Sources */ = {isa = PBXBuildFile; fileRef = EB7D8F0E22893F0B008A784B /* EchoClient.swift */; };
		EB847324228A68C400817894 /* SwiftEcho-Swift.h in Headers */ = {isa = PBXBuildFile; fileRef = EB847323228A68C400817894 /* SwiftEcho-Swift.h */; };
		EBEA9ABA22F93541009E5110 /* SocketIO.framework in Frameworks */ = {isa = PBXBuildFile; fileRef = EBEA9AB822F93541009E5110 /* SocketIO.framework */; };
		EBEA9ABB22F93541009E5110 /* Starscream.framework in Frameworks */ = {isa = PBXBuildFile; fileRef = EBEA9AB922F93541009E5110 /* Starscream.framework */; };
/* End PBXBuildFile section */

/* Begin PBXFileReference section */
		528133EC2296E65C00FD37C2 /* EchoClientOption.swift */ = {isa = PBXFileReference; lastKnownFileType = sourcecode.swift; path = EchoClientOption.swift; sourceTree = "<group>"; };
		EB065AE92292846F009EB138 /* ConnectorType.swift */ = {isa = PBXFileReference; fileEncoding = 4; lastKnownFileType = sourcecode.swift; path = ConnectorType.swift; sourceTree = "<group>"; };
		EB065AEF22950ED4009EB138 /* NullConnector.swift */ = {isa = PBXFileReference; lastKnownFileType = sourcecode.swift; path = NullConnector.swift; sourceTree = "<group>"; };
		EB065AF5229511DC009EB138 /* NullChannel.swift */ = {isa = PBXFileReference; lastKnownFileType = sourcecode.swift; path = NullChannel.swift; sourceTree = "<group>"; };
		EB065AF722951F33009EB138 /* NullPrivateChannel.swift */ = {isa = PBXFileReference; lastKnownFileType = sourcecode.swift; path = NullPrivateChannel.swift; sourceTree = "<group>"; };
		EB065AF922951F8C009EB138 /* NullPresenceChannel.swift */ = {isa = PBXFileReference; lastKnownFileType = sourcecode.swift; path = NullPresenceChannel.swift; sourceTree = "<group>"; };
		EB065B04229644CD009EB138 /* EchoClientConfiguration.swift */ = {isa = PBXFileReference; lastKnownFileType = sourcecode.swift; path = EchoClientConfiguration.swift; sourceTree = "<group>"; };
		EB7D8ED922893DA4008A784B /* SwiftEcho.framework */ = {isa = PBXFileReference; explicitFileType = wrapper.framework; includeInIndex = 0; path = SwiftEcho.framework; sourceTree = BUILT_PRODUCTS_DIR; };
		EB7D8EDC22893DA4008A784B /* SwiftEcho.h */ = {isa = PBXFileReference; lastKnownFileType = sourcecode.c.h; path = SwiftEcho.h; sourceTree = "<group>"; };
		EB7D8EDD22893DA4008A784B /* Info.plist */ = {isa = PBXFileReference; lastKnownFileType = text.plist.xml; path = Info.plist; sourceTree = "<group>"; };
		EB7D8EF522893EF3008A784B /* PresenceChannelType.swift */ = {isa = PBXFileReference; fileEncoding = 4; lastKnownFileType = sourcecode.swift; path = PresenceChannelType.swift; sourceTree = "<group>"; };
		EB7D8EF622893EF3008A784B /* SocketIOChannel.swift */ = {isa = PBXFileReference; fileEncoding = 4; lastKnownFileType = sourcecode.swift; path = SocketIOChannel.swift; sourceTree = "<group>"; };
		EB7D8EF722893EF3008A784B /* Channel.swift */ = {isa = PBXFileReference; fileEncoding = 4; lastKnownFileType = sourcecode.swift; path = Channel.swift; sourceTree = "<group>"; };
		EB7D8EF822893EF3008A784B /* PrivateChannelType.swift */ = {isa = PBXFileReference; fileEncoding = 4; lastKnownFileType = sourcecode.swift; path = PrivateChannelType.swift; sourceTree = "<group>"; };
		EB7D8EF922893EF3008A784B /* SocketIOPresenceChannel.swift */ = {isa = PBXFileReference; fileEncoding = 4; lastKnownFileType = sourcecode.swift; path = SocketIOPresenceChannel.swift; sourceTree = "<group>"; };
		EB7D8EFA22893EF3008A784B /* SocketIOPrivateChannel.swift */ = {isa = PBXFileReference; fileEncoding = 4; lastKnownFileType = sourcecode.swift; path = SocketIOPrivateChannel.swift; sourceTree = "<group>"; };
		EB7D8EFB22893EF3008A784B /* ChannelType.swift */ = {isa = PBXFileReference; fileEncoding = 4; lastKnownFileType = sourcecode.swift; path = ChannelType.swift; sourceTree = "<group>"; };
		EB7D8F0522893EFC008A784B /* SocketIOConnector.swift */ = {isa = PBXFileReference; fileEncoding = 4; lastKnownFileType = sourcecode.swift; path = SocketIOConnector.swift; sourceTree = "<group>"; };
		EB7D8F0A22893F0B008A784B /* EventFormatter.swift */ = {isa = PBXFileReference; fileEncoding = 4; lastKnownFileType = sourcecode.swift; path = EventFormatter.swift; sourceTree = "<group>"; };
		EB7D8F0B22893F0B008A784B /* EchoParser.swift */ = {isa = PBXFileReference; fileEncoding = 4; lastKnownFileType = sourcecode.swift; path = EchoParser.swift; sourceTree = "<group>"; };
		EB7D8F0E22893F0B008A784B /* EchoClient.swift */ = {isa = PBXFileReference; fileEncoding = 4; lastKnownFileType = sourcecode.swift; path = EchoClient.swift; sourceTree = "<group>"; };
		EB847323228A68C400817894 /* SwiftEcho-Swift.h */ = {isa = PBXFileReference; lastKnownFileType = sourcecode.c.h; path = "SwiftEcho-Swift.h"; sourceTree = "<group>"; };
		EBEA9AB822F93541009E5110 /* SocketIO.framework */ = {isa = PBXFileReference; lastKnownFileType = wrapper.framework; name = SocketIO.framework; path = Carthage/Build/iOS/SocketIO.framework; sourceTree = SOURCE_ROOT; };
		EBEA9AB922F93541009E5110 /* Starscream.framework */ = {isa = PBXFileReference; lastKnownFileType = wrapper.framework; name = Starscream.framework; path = Carthage/Build/iOS/Starscream.framework; sourceTree = SOURCE_ROOT; };
/* End PBXFileReference section */

/* Begin PBXFrameworksBuildPhase section */
		EB7D8ED622893DA4008A784B /* Frameworks */ = {
			isa = PBXFrameworksBuildPhase;
			buildActionMask = 2147483647;
			files = (
				EBEA9ABA22F93541009E5110 /* SocketIO.framework in Frameworks */,
				EBEA9ABB22F93541009E5110 /* Starscream.framework in Frameworks */,
			);
			runOnlyForDeploymentPostprocessing = 0;
		};
/* End PBXFrameworksBuildPhase section */

/* Begin PBXGroup section */
		EB065AF32295114E009EB138 /* Type */ = {
			isa = PBXGroup;
			children = (
				EB7D8EF522893EF3008A784B /* PresenceChannelType.swift */,
				EB7D8EFB22893EF3008A784B /* ChannelType.swift */,
				EB7D8EF822893EF3008A784B /* PrivateChannelType.swift */,
			);
			path = Type;
			sourceTree = "<group>";
		};
		EB065AF42295119E009EB138 /* Type */ = {
			isa = PBXGroup;
			children = (
				EB065AE92292846F009EB138 /* ConnectorType.swift */,
			);
			path = Type;
			sourceTree = "<group>";
		};
		EB065B03229644B3009EB138 /* Configuration */ = {
			isa = PBXGroup;
			children = (
				EB065B04229644CD009EB138 /* EchoClientConfiguration.swift */,
				528133EC2296E65C00FD37C2 /* EchoClientOption.swift */,
			);
			path = Configuration;
			sourceTree = "<group>";
		};
		EB7D8ECF22893DA4008A784B = {
			isa = PBXGroup;
			children = (
				EB7D8EDB22893DA4008A784B /* SwiftEcho */,
				EB7D8EDA22893DA4008A784B /* Products */,
			);
			sourceTree = "<group>";
		};
		EB7D8EDA22893DA4008A784B /* Products */ = {
			isa = PBXGroup;
			children = (
				EB7D8ED922893DA4008A784B /* SwiftEcho.framework */,
			);
			name = Products;
			sourceTree = "<group>";
		};
		EB7D8EDB22893DA4008A784B /* SwiftEcho */ = {
			isa = PBXGroup;
			children = (
				EBEA9AB322F93422009E5110 /* SwiftEcho-framework */,
				EB7D8EF322893E44008A784B /* Sources */,
				EB7D8EDC22893DA4008A784B /* SwiftEcho.h */,
				EB847323228A68C400817894 /* SwiftEcho-Swift.h */,
				EB7D8EDD22893DA4008A784B /* Info.plist */,
			);
			path = SwiftEcho;
			sourceTree = "<group>";
		};
		EB7D8EF322893E44008A784B /* Sources */ = {
			isa = PBXGroup;
			children = (
				EB7D8F0E22893F0B008A784B /* EchoClient.swift */,
				EB065B03229644B3009EB138 /* Configuration */,
				EB7D8F0922893F0B008A784B /* Utils */,
				EB7D8F0322893EFC008A784B /* Connector */,
				EB7D8EF422893EF3008A784B /* Channel */,
			);
			path = Sources;
			sourceTree = "<group>";
		};
		EB7D8EF422893EF3008A784B /* Channel */ = {
			isa = PBXGroup;
			children = (
				EB065AF32295114E009EB138 /* Type */,
				EB7D8EF922893EF3008A784B /* SocketIOPresenceChannel.swift */,
				EB7D8EFA22893EF3008A784B /* SocketIOPrivateChannel.swift */,
				EB7D8EF622893EF3008A784B /* SocketIOChannel.swift */,
				EB7D8EF722893EF3008A784B /* Channel.swift */,
				EB065AF5229511DC009EB138 /* NullChannel.swift */,
				EB065AF722951F33009EB138 /* NullPrivateChannel.swift */,
				EB065AF922951F8C009EB138 /* NullPresenceChannel.swift */,
			);
			path = Channel;
			sourceTree = "<group>";
		};
		EB7D8F0322893EFC008A784B /* Connector */ = {
			isa = PBXGroup;
			children = (
				EB065AF42295119E009EB138 /* Type */,
				EB7D8F0522893EFC008A784B /* SocketIOConnector.swift */,
				EB065AEF22950ED4009EB138 /* NullConnector.swift */,
			);
			path = Connector;
			sourceTree = "<group>";
		};
		EB7D8F0922893F0B008A784B /* Utils */ = {
			isa = PBXGroup;
			children = (
				EB7D8F0A22893F0B008A784B /* EventFormatter.swift */,
				EB7D8F0B22893F0B008A784B /* EchoParser.swift */,
			);
			path = Utils;
			sourceTree = "<group>";
		};
		EBEA9AB322F93422009E5110 /* SwiftEcho-framework */ = {
			isa = PBXGroup;
			children = (
				EBEA9AB822F93541009E5110 /* SocketIO.framework */,
				EBEA9AB922F93541009E5110 /* Starscream.framework */,
			);
			path = "SwiftEcho-framework";
			sourceTree = "<group>";
		};
/* End PBXGroup section */

/* Begin PBXHeadersBuildPhase section */
		EB7D8ED422893DA4008A784B /* Headers */ = {
			isa = PBXHeadersBuildPhase;
			buildActionMask = 2147483647;
			files = (
				EB7D8EEA22893DA5008A784B /* SwiftEcho.h in Headers */,
				EB847324228A68C400817894 /* SwiftEcho-Swift.h in Headers */,
			);
			runOnlyForDeploymentPostprocessing = 0;
		};
/* End PBXHeadersBuildPhase section */

/* Begin PBXNativeTarget section */
		EB7D8ED822893DA4008A784B /* SwiftEcho */ = {
			isa = PBXNativeTarget;
			buildConfigurationList = EB7D8EED22893DA5008A784B /* Build configuration list for PBXNativeTarget "SwiftEcho" */;
			buildPhases = (
				EB7D8ED422893DA4008A784B /* Headers */,
				EB7D8ED522893DA4008A784B /* Sources */,
				EB84731D228A53BD00817894 /* Carthage */,
				EB7D8ED622893DA4008A784B /* Frameworks */,
				EB7D8ED722893DA4008A784B /* Resources */,
			);
			buildRules = (
			);
			dependencies = (
			);
			name = SwiftEcho;
			productName = SwiftEcho;
			productReference = EB7D8ED922893DA4008A784B /* SwiftEcho.framework */;
			productType = "com.apple.product-type.framework";
		};
/* End PBXNativeTarget section */

/* Begin PBXProject section */
		EB7D8ED022893DA4008A784B /* Project object */ = {
			isa = PBXProject;
			attributes = {
				LastSwiftUpdateCheck = 1020;
				LastUpgradeCheck = 1020;
				ORGANIZATIONNAME = "tuominen-aleksi";
				TargetAttributes = {
					EB7D8ED822893DA4008A784B = {
						CreatedOnToolsVersion = 10.2.1;
					};
					EBEA9ABC22F935DE009E5110 = {
						CreatedOnToolsVersion = 10.2.1;
					};
				};
			};
			buildConfigurationList = EB7D8ED322893DA4008A784B /* Build configuration list for PBXProject "SwiftEcho" */;
			compatibilityVersion = "Xcode 9.3";
			developmentRegion = en;
			hasScannedForEncodings = 0;
			knownRegions = (
				en,
			);
			mainGroup = EB7D8ECF22893DA4008A784B;
			productRefGroup = EB7D8EDA22893DA4008A784B /* Products */;
			projectDirPath = "";
			projectRoot = "";
			targets = (
				EB7D8ED822893DA4008A784B /* SwiftEcho */,
				EBEA9ABC22F935DE009E5110 /* UniversalSwiftEcho */,
			);
		};
/* End PBXProject section */

/* Begin PBXResourcesBuildPhase section */
		EB7D8ED722893DA4008A784B /* Resources */ = {
			isa = PBXResourcesBuildPhase;
			buildActionMask = 2147483647;
			files = (
			);
			runOnlyForDeploymentPostprocessing = 0;
		};
/* End PBXResourcesBuildPhase section */

/* Begin PBXShellScriptBuildPhase section */
		EB84731D228A53BD00817894 /* Carthage */ = {
			isa = PBXShellScriptBuildPhase;
			buildActionMask = 2147483647;
			files = (
			);
			inputFileListPaths = (
			);
			inputPaths = (
				"$(SRCROOT)/Carthage/Build/iOS/SocketIO.framework",
				"$(SRCROOT)/Carthage/Build/iOS/Starscream.framework",
			);
			name = Carthage;
			outputFileListPaths = (
			);
			outputPaths = (
				"$(BUILT_PRODUCTS_DIR)/$(FRAMEWORKS_FOLDER_PATH)/SocketIO.framework",
				"$(BUILT_PRODUCTS_DIR)/$(FRAMEWORKS_FOLDER_PATH)/Starscream.framework",
			);
			runOnlyForDeploymentPostprocessing = 0;
			shellPath = /bin/sh;
			shellScript = "carthage copy-frameworks\n";
		};
		EBEA9AC022F935F3009E5110 /* ShellScript */ = {
			isa = PBXShellScriptBuildPhase;
			buildActionMask = 2147483647;
			files = (
			);
			inputFileListPaths = (
			);
			inputPaths = (
			);
			outputFileListPaths = (
			);
			outputPaths = (
			);
			runOnlyForDeploymentPostprocessing = 0;
			shellPath = /bin/sh;
			shellScript = "#!/bin/sh\n\nUNIVERSAL_OUTPUTFOLDER=${BUILD_DIR}/${CONFIGURATION}-universal\n\n# make sure the output directory exists\nmkdir -p \"${UNIVERSAL_OUTPUTFOLDER}\"\n\n# Step 1. Build Device and Simulator versions\nxcodebuild -target \"SwiftEcho\" ONLY_ACTIVE_ARCH=NO -configuration ${CONFIGURATION} -sdk iphoneos  BUILD_DIR=\"${BUILD_DIR}\" BUILD_ROOT=\"${BUILD_ROOT}\" clean build\nxcodebuild -target \"SwiftEcho\" -configuration ${CONFIGURATION} -sdk iphonesimulator ONLY_ACTIVE_ARCH=NO BUILD_DIR=\"${BUILD_DIR}\" BUILD_ROOT=\"${BUILD_ROOT}\" clean build\n\n# Step 2. Copy the framework structure (from iphoneos build) to the universal folder\ncp -R \"${BUILD_DIR}/${CONFIGURATION}-iphoneos/SwiftEcho.framework\" \"${UNIVERSAL_OUTPUTFOLDER}/\"\n\n# Step 3. Copy Swift modules from iphonesimulator build (if it exists) to the copied framework directory\nSIMULATOR_SWIFT_MODULES_DIR=\"${BUILD_DIR}/${CONFIGURATION}-iphonesimulator/SwiftEcho.framework/Modules/SwiftEcho.swiftmodule/.\"\nif [ -d \"${SIMULATOR_SWIFT_MODULES_DIR}\" ]; then\ncp -R \"${SIMULATOR_SWIFT_MODULES_DIR}\" \"${UNIVERSAL_OUTPUTFOLDER}/SwiftEcho.framework/Modules/SwiftEcho.swiftmodule\"\nfi\n\n# Step 4. Create universal binary file using lipo and place the combined executable in the copied framework directory\nlipo -create -output \"${UNIVERSAL_OUTPUTFOLDER}/SwiftEcho.framework/SwiftEcho\" \"${BUILD_DIR}/${CONFIGURATION}-iphonesimulator/SwiftEcho.framework/SwiftEcho\" \"${BUILD_DIR}/${CONFIGURATION}-iphoneos/SwiftEcho.framework/SwiftEcho\"\n";
		};
/* End PBXShellScriptBuildPhase section */

/* Begin PBXSourcesBuildPhase section */
		EB7D8ED522893DA4008A784B /* Sources */ = {
			isa = PBXSourcesBuildPhase;
			buildActionMask = 2147483647;
			files = (
				EB7D8EFD22893EF3008A784B /* SocketIOChannel.swift in Sources */,
				EB7D8F1122893F0B008A784B /* EchoParser.swift in Sources */,
				EB065AF6229511DC009EB138 /* NullChannel.swift in Sources */,
				EB7D8EFE22893EF3008A784B /* Channel.swift in Sources */,
				EB7D8F1022893F0B008A784B /* EventFormatter.swift in Sources */,
				EB7D8EFF22893EF3008A784B /* PrivateChannelType.swift in Sources */,
				EB065AEB2292846F009EB138 /* ConnectorType.swift in Sources */,
				EB065B05229644CD009EB138 /* EchoClientConfiguration.swift in Sources */,
				EB065AF022950ED4009EB138 /* NullConnector.swift in Sources */,
				EB7D8F0022893EF3008A784B /* SocketIOPresenceChannel.swift in Sources */,
				528133ED2296E65C00FD37C2 /* EchoClientOption.swift in Sources */,
				EB7D8F0122893EF3008A784B /* SocketIOPrivateChannel.swift in Sources */,
				EB7D8F1322893F0B008A784B /* EchoClient.swift in Sources */,
				EB7D8F0722893EFC008A784B /* SocketIOConnector.swift in Sources */,
				EB7D8F0222893EF3008A784B /* ChannelType.swift in Sources */,
				EB065AFA22951F8C009EB138 /* NullPresenceChannel.swift in Sources */,
				EB065AF822951F33009EB138 /* NullPrivateChannel.swift in Sources */,
				EB7D8EFC22893EF3008A784B /* PresenceChannelType.swift in Sources */,
			);
			runOnlyForDeploymentPostprocessing = 0;
		};
/* End PBXSourcesBuildPhase section */

/* Begin XCBuildConfiguration section */
		EB7D8EEB22893DA5008A784B /* Debug */ = {
			isa = XCBuildConfiguration;
			buildSettings = {
				ALWAYS_SEARCH_USER_PATHS = NO;
				CLANG_ANALYZER_NONNULL = YES;
				CLANG_ANALYZER_NUMBER_OBJECT_CONVERSION = YES_AGGRESSIVE;
				CLANG_CXX_LANGUAGE_STANDARD = "gnu++14";
				CLANG_CXX_LIBRARY = "libc++";
				CLANG_ENABLE_MODULES = YES;
				CLANG_ENABLE_OBJC_ARC = YES;
				CLANG_ENABLE_OBJC_WEAK = YES;
				CLANG_WARN_BLOCK_CAPTURE_AUTORELEASING = YES;
				CLANG_WARN_BOOL_CONVERSION = YES;
				CLANG_WARN_COMMA = YES;
				CLANG_WARN_CONSTANT_CONVERSION = YES;
				CLANG_WARN_DEPRECATED_OBJC_IMPLEMENTATIONS = YES;
				CLANG_WARN_DIRECT_OBJC_ISA_USAGE = YES_ERROR;
				CLANG_WARN_DOCUMENTATION_COMMENTS = YES;
				CLANG_WARN_EMPTY_BODY = YES;
				CLANG_WARN_ENUM_CONVERSION = YES;
				CLANG_WARN_INFINITE_RECURSION = YES;
				CLANG_WARN_INT_CONVERSION = YES;
				CLANG_WARN_NON_LITERAL_NULL_CONVERSION = YES;
				CLANG_WARN_OBJC_IMPLICIT_RETAIN_SELF = YES;
				CLANG_WARN_OBJC_LITERAL_CONVERSION = YES;
				CLANG_WARN_OBJC_ROOT_CLASS = YES_ERROR;
				CLANG_WARN_RANGE_LOOP_ANALYSIS = YES;
				CLANG_WARN_STRICT_PROTOTYPES = YES;
				CLANG_WARN_SUSPICIOUS_MOVE = YES;
				CLANG_WARN_UNGUARDED_AVAILABILITY = YES_AGGRESSIVE;
				CLANG_WARN_UNREACHABLE_CODE = YES;
				CLANG_WARN__DUPLICATE_METHOD_MATCH = YES;
				CODE_SIGN_IDENTITY = "iPhone Developer";
				COPY_PHASE_STRIP = NO;
				CURRENT_PROJECT_VERSION = 1;
				DEBUG_INFORMATION_FORMAT = dwarf;
				ENABLE_STRICT_OBJC_MSGSEND = YES;
				ENABLE_TESTABILITY = YES;
				GCC_C_LANGUAGE_STANDARD = gnu11;
				GCC_DYNAMIC_NO_PIC = NO;
				GCC_NO_COMMON_BLOCKS = YES;
				GCC_OPTIMIZATION_LEVEL = 0;
				GCC_PREPROCESSOR_DEFINITIONS = (
					"DEBUG=1",
					"$(inherited)",
				);
				GCC_WARN_64_TO_32_BIT_CONVERSION = YES;
				GCC_WARN_ABOUT_RETURN_TYPE = YES_ERROR;
				GCC_WARN_UNDECLARED_SELECTOR = YES;
				GCC_WARN_UNINITIALIZED_AUTOS = YES_AGGRESSIVE;
				GCC_WARN_UNUSED_FUNCTION = YES;
				GCC_WARN_UNUSED_VARIABLE = YES;
				IPHONEOS_DEPLOYMENT_TARGET = 11.0;
				MTL_ENABLE_DEBUG_INFO = INCLUDE_SOURCE;
				MTL_FAST_MATH = YES;
				ONLY_ACTIVE_ARCH = YES;
				SDKROOT = iphoneos;
				SWIFT_ACTIVE_COMPILATION_CONDITIONS = DEBUG;
				SWIFT_OPTIMIZATION_LEVEL = "-Onone";
				VERSIONING_SYSTEM = "apple-generic";
				VERSION_INFO_PREFIX = "";
			};
			name = Debug;
		};
		EB7D8EEC22893DA5008A784B /* Release */ = {
			isa = XCBuildConfiguration;
			buildSettings = {
				ALWAYS_SEARCH_USER_PATHS = NO;
				CLANG_ANALYZER_NONNULL = YES;
				CLANG_ANALYZER_NUMBER_OBJECT_CONVERSION = YES_AGGRESSIVE;
				CLANG_CXX_LANGUAGE_STANDARD = "gnu++14";
				CLANG_CXX_LIBRARY = "libc++";
				CLANG_ENABLE_MODULES = YES;
				CLANG_ENABLE_OBJC_ARC = YES;
				CLANG_ENABLE_OBJC_WEAK = YES;
				CLANG_WARN_BLOCK_CAPTURE_AUTORELEASING = YES;
				CLANG_WARN_BOOL_CONVERSION = YES;
				CLANG_WARN_COMMA = YES;
				CLANG_WARN_CONSTANT_CONVERSION = YES;
				CLANG_WARN_DEPRECATED_OBJC_IMPLEMENTATIONS = YES;
				CLANG_WARN_DIRECT_OBJC_ISA_USAGE = YES_ERROR;
				CLANG_WARN_DOCUMENTATION_COMMENTS = YES;
				CLANG_WARN_EMPTY_BODY = YES;
				CLANG_WARN_ENUM_CONVERSION = YES;
				CLANG_WARN_INFINITE_RECURSION = YES;
				CLANG_WARN_INT_CONVERSION = YES;
				CLANG_WARN_NON_LITERAL_NULL_CONVERSION = YES;
				CLANG_WARN_OBJC_IMPLICIT_RETAIN_SELF = YES;
				CLANG_WARN_OBJC_LITERAL_CONVERSION = YES;
				CLANG_WARN_OBJC_ROOT_CLASS = YES_ERROR;
				CLANG_WARN_RANGE_LOOP_ANALYSIS = YES;
				CLANG_WARN_STRICT_PROTOTYPES = YES;
				CLANG_WARN_SUSPICIOUS_MOVE = YES;
				CLANG_WARN_UNGUARDED_AVAILABILITY = YES_AGGRESSIVE;
				CLANG_WARN_UNREACHABLE_CODE = YES;
				CLANG_WARN__DUPLICATE_METHOD_MATCH = YES;
				CODE_SIGN_IDENTITY = "iPhone Developer";
				COPY_PHASE_STRIP = NO;
				CURRENT_PROJECT_VERSION = 1;
				DEBUG_INFORMATION_FORMAT = "dwarf-with-dsym";
				ENABLE_NS_ASSERTIONS = NO;
				ENABLE_STRICT_OBJC_MSGSEND = YES;
				GCC_C_LANGUAGE_STANDARD = gnu11;
				GCC_NO_COMMON_BLOCKS = YES;
				GCC_WARN_64_TO_32_BIT_CONVERSION = YES;
				GCC_WARN_ABOUT_RETURN_TYPE = YES_ERROR;
				GCC_WARN_UNDECLARED_SELECTOR = YES;
				GCC_WARN_UNINITIALIZED_AUTOS = YES_AGGRESSIVE;
				GCC_WARN_UNUSED_FUNCTION = YES;
				GCC_WARN_UNUSED_VARIABLE = YES;
				IPHONEOS_DEPLOYMENT_TARGET = 11.0;
				MTL_ENABLE_DEBUG_INFO = NO;
				MTL_FAST_MATH = YES;
				SDKROOT = iphoneos;
				SWIFT_COMPILATION_MODE = wholemodule;
				SWIFT_OPTIMIZATION_LEVEL = "-O";
				VALIDATE_PRODUCT = YES;
				VERSIONING_SYSTEM = "apple-generic";
				VERSION_INFO_PREFIX = "";
			};
			name = Release;
		};
		EB7D8EEE22893DA5008A784B /* Debug */ = {
			isa = XCBuildConfiguration;
			buildSettings = {
				CLANG_ALLOW_NON_MODULAR_INCLUDES_IN_FRAMEWORK_MODULES = YES;
				CODE_SIGN_IDENTITY = "iPhone Developer";
				CODE_SIGN_STYLE = Automatic;
				DEFINES_MODULE = YES;
				DEVELOPMENT_TEAM = 6FWUR3JBYA;
				DYLIB_COMPATIBILITY_VERSION = 1;
				DYLIB_CURRENT_VERSION = 1;
				DYLIB_INSTALL_NAME_BASE = "@rpath";
				FRAMEWORK_SEARCH_PATHS = (
					"$(inherited)",
					"$(PROJECT_DIR)/Carthage/Build/iOS",
				);
				INFOPLIST_FILE = SwiftEcho/Info.plist;
				INSTALL_PATH = "$(LOCAL_LIBRARY_DIR)/Frameworks";
				LD_RUNPATH_SEARCH_PATHS = (
					"$(inherited)",
					"@executable_path/Frameworks",
					"@loader_path/Frameworks",
				);
				PRODUCT_BUNDLE_IDENTIFIER = com.aleksi.tuominen.SwiftEcho;
				PRODUCT_NAME = "$(TARGET_NAME:c99extidentifier)";
				SKIP_INSTALL = YES;
				SWIFT_OBJC_BRIDGING_HEADER = "";
				SWIFT_VERSION = 5.0;
				TARGETED_DEVICE_FAMILY = "1,2";
			};
			name = Debug;
		};
		EB7D8EEF22893DA5008A784B /* Release */ = {
			isa = XCBuildConfiguration;
			buildSettings = {
				CLANG_ALLOW_NON_MODULAR_INCLUDES_IN_FRAMEWORK_MODULES = YES;
				CODE_SIGN_IDENTITY = "";
				CODE_SIGN_STYLE = Automatic;
				DEFINES_MODULE = YES;
				DEVELOPMENT_TEAM = 6FWUR3JBYA;
				DYLIB_COMPATIBILITY_VERSION = 1;
				DYLIB_CURRENT_VERSION = 1;
				DYLIB_INSTALL_NAME_BASE = "@rpath";
				FRAMEWORK_SEARCH_PATHS = (
					"$(inherited)",
					"$(PROJECT_DIR)/Carthage/Build/iOS",
				);
				INFOPLIST_FILE = SwiftEcho/Info.plist;
				INSTALL_PATH = "$(LOCAL_LIBRARY_DIR)/Frameworks";
				LD_RUNPATH_SEARCH_PATHS = (
					"$(inherited)",
					"@executable_path/Frameworks",
					"@loader_path/Frameworks",
				);
				PRODUCT_BUNDLE_IDENTIFIER = com.aleksi.tuominen.SwiftEcho;
				PRODUCT_NAME = "$(TARGET_NAME:c99extidentifier)";
				SKIP_INSTALL = YES;
				SWIFT_OBJC_BRIDGING_HEADER = "";
				SWIFT_VERSION = 5.0;
				TARGETED_DEVICE_FAMILY = "1,2";
			};
			name = Release;
		};
		EBEA9ABE22F935DE009E5110 /* Debug */ = {
			isa = XCBuildConfiguration;
			buildSettings = {
				CODE_SIGN_STYLE = Automatic;
				PRODUCT_NAME = "$(TARGET_NAME)";
			};
			name = Debug;
		};
		EBEA9ABF22F935DE009E5110 /* Release */ = {
			isa = XCBuildConfiguration;
			buildSettings = {
				CODE_SIGN_STYLE = Automatic;
				PRODUCT_NAME = "$(TARGET_NAME)";
			};
			name = Release;
		};
/* End XCBuildConfiguration section */

/* Begin XCConfigurationList section */
		EB7D8ED322893DA4008A784B /* Build configuration list for PBXProject "SwiftEcho" */ = {
			isa = XCConfigurationList;
			buildConfigurations = (
				EB7D8EEB22893DA5008A784B /* Debug */,
				EB7D8EEC22893DA5008A784B /* Release */,
			);
			defaultConfigurationIsVisible = 0;
			defaultConfigurationName = Release;
		};
		EB7D8EED22893DA5008A784B /* Build configuration list for PBXNativeTarget "SwiftEcho" */ = {
			isa = XCConfigurationList;
			buildConfigurations = (
				EB7D8EEE22893DA5008A784B /* Debug */,
				EB7D8EEF22893DA5008A784B /* Release */,
			);
			defaultConfigurationIsVisible = 0;
			defaultConfigurationName = Release;
		};
		EBEA9ABD22F935DE009E5110 /* Build configuration list for PBXAggregateTarget "UniversalSwiftEcho" */ = {
			isa = XCConfigurationList;
			buildConfigurations = (
				EBEA9ABE22F935DE009E5110 /* Debug */,
				EBEA9ABF22F935DE009E5110 /* Release */,
			);
			defaultConfigurationIsVisible = 0;
			defaultConfigurationName = Release;
		};
/* End XCConfigurationList section */
	};
	rootObject = EB7D8ED022893DA4008A784B /* Project object */;
}
